
Microsoft Visual Studio Solution File, Format Version 12.00
# Visual Studio Version 17
VisualStudioVersion = 17.6.33723.286
MinimumVisualStudioVersion = 10.0.40219.1
Project("{9A19103F-16F7-4668-BE54-9A1E7A4F7556}") = "Data", "Jet3Up-communication\Data\Data.csproj", "{10AB7BCD-4585-4225-8B94-5432D6EEADDB}"
EndProject
Project("{9A19103F-16F7-4668-BE54-9A1E7A4F7556}") = "Interfaces", "Jet3Up-communication\Interfaces\Interfaces.csproj", "{38D5C509-4DD2-4308-BB11-F8509F3AFDB5}"
EndProject
Project("{9A19103F-16F7-4668-BE54-9A1E7A4F7556}") = "IoC", "Jet3Up-communication\IoC\IoC.csproj", "{4F7BE8CB-6AB1-466F-AB73-5888BA8A3EE6}"
EndProject
Project("{9A19103F-16F7-4668-BE54-9A1E7A4F7556}") = "Helpers", "Jet3Up-communication\Jet3UpHelpers\Helpers.csproj", "{CE9B2B17-D900-46DB-8D70-9711BB839674}"
EndProject
Project("{9A19103F-16F7-4668-BE54-9A1E7A4F7556}") = "Aerotec", "FrontEnd\GUI\Aerotec.csproj", "{B0A40E90-7B31-4092-AFAB-06160AFDA9FF}"
EndProject
Project("{54435603-DBB4-11D2-8724-00A0C9A8B90C}") = "Setup", "Setup\Setup.vdproj", "{124A4B0D-6A86-48D4-8C37-BB9066721339}"
EndProject
Project("{9A19103F-16F7-4668-BE54-9A1E7A4F7556}") = "Implementation", "Jet3Up-communication\Services\Implementation.csproj", "{63FA734B-B11D-4680-9E79-76D9A5D66881}"
EndProject
Project("{9A19103F-16F7-4668-BE54-9A1E7A4F7556}") = "Mockup", "Jet3Up-communication\Jet3Up_Mockup\Mockup.csproj", "{AE41BEBA-A7F7-49DC-84FF-88B7BC92B72C}"
EndProject
Global
	GlobalSection(SolutionConfigurationPlatforms) = preSolution
		Debug|Any CPU = Debug|Any CPU
		Release|Any CPU = Release|Any CPU
	EndGlobalSection
	GlobalSection(ProjectConfigurationPlatforms) = postSolution
		{10AB7BCD-4585-4225-8B94-5432D6EEADDB}.Debug|Any CPU.ActiveCfg = Debug|Any CPU
		{10AB7BCD-4585-4225-8B94-5432D6EEADDB}.Debug|Any CPU.Build.0 = Debug|Any CPU
		{10AB7BCD-4585-4225-8B94-5432D6EEADDB}.Release|Any CPU.ActiveCfg = Release|Any CPU
		{10AB7BCD-4585-4225-8B94-5432D6EEADDB}.Release|Any CPU.Build.0 = Release|Any CPU
		{38D5C509-4DD2-4308-BB11-F8509F3AFDB5}.Debug|Any CPU.ActiveCfg = Debug|Any CPU
		{38D5C509-4DD2-4308-BB11-F8509F3AFDB5}.Debug|Any CPU.Build.0 = Debug|Any CPU
		{38D5C509-4DD2-4308-BB11-F8509F3AFDB5}.Release|Any CPU.ActiveCfg = Release|Any CPU
		{38D5C509-4DD2-4308-BB11-F8509F3AFDB5}.Release|Any CPU.Build.0 = Release|Any CPU
		{4F7BE8CB-6AB1-466F-AB73-5888BA8A3EE6}.Debug|Any CPU.ActiveCfg = Debug|Any CPU
		{4F7BE8CB-6AB1-466F-AB73-5888BA8A3EE6}.Debug|Any CPU.Build.0 = Debug|Any CPU
		{4F7BE8CB-6AB1-466F-AB73-5888BA8A3EE6}.Release|Any CPU.ActiveCfg = Release|Any CPU
		{4F7BE8CB-6AB1-466F-AB73-5888BA8A3EE6}.Release|Any CPU.Build.0 = Release|Any CPU
		{CE9B2B17-D900-46DB-8D70-9711BB839674}.Debug|Any CPU.ActiveCfg = Debug|Any CPU
		{CE9B2B17-D900-46DB-8D70-9711BB839674}.Debug|Any CPU.Build.0 = Debug|Any CPU
		{CE9B2B17-D900-46DB-8D70-9711BB839674}.Release|Any CPU.ActiveCfg = Release|Any CPU
		{CE9B2B17-D900-46DB-8D70-9711BB839674}.Release|Any CPU.Build.0 = Release|Any CPU
		{B0A40E90-7B31-4092-AFAB-06160AFDA9FF}.Debug|Any CPU.ActiveCfg = Debug|Any CPU
		{B0A40E90-7B31-4092-AFAB-06160AFDA9FF}.Debug|Any CPU.Build.0 = Debug|Any CPU
		{B0A40E90-7B31-4092-AFAB-06160AFDA9FF}.Release|Any CPU.ActiveCfg = Release|Any CPU
		{B0A40E90-7B31-4092-AFAB-06160AFDA9FF}.Release|Any CPU.Build.0 = Release|Any CPU
		{124A4B0D-6A86-48D4-8C37-BB9066721339}.Debug|Any CPU.ActiveCfg = Debug
		{124A4B0D-6A86-48D4-8C37-BB9066721339}.Debug|Any CPU.Build.0 = Debug
		{124A4B0D-6A86-48D4-8C37-BB9066721339}.Release|Any CPU.ActiveCfg = Release
		{124A4B0D-6A86-48D4-8C37-BB9066721339}.Release|Any CPU.Build.0 = Release
		{63FA734B-B11D-4680-9E79-76D9A5D66881}.Debug|Any CPU.ActiveCfg = Debug|Any CPU
		{63FA734B-B11D-4680-9E79-76D9A5D66881}.Debug|Any CPU.Build.0 = Debug|Any CPU
		{63FA734B-B11D-4680-9E79-76D9A5D66881}.Release|Any CPU.ActiveCfg = Release|Any CPU
		{63FA734B-B11D-4680-9E79-76D9A5D66881}.Release|Any CPU.Build.0 = Release|Any CPU
		{AE41BEBA-A7F7-49DC-84FF-88B7BC92B72C}.Debug|Any CPU.ActiveCfg = Debug|Any CPU
		{AE41BEBA-A7F7-49DC-84FF-88B7BC92B72C}.Debug|Any CPU.Build.0 = Debug|Any CPU
		{AE41BEBA-A7F7-49DC-84FF-88B7BC92B72C}.Release|Any CPU.ActiveCfg = Release|Any CPU
		{AE41BEBA-A7F7-49DC-84FF-88B7BC92B72C}.Release|Any CPU.Build.0 = Release|Any CPU
	EndGlobalSection
	GlobalSection(SolutionProperties) = preSolution
		HideSolutionNode = FALSE
	EndGlobalSection
	GlobalSection(ExtensibilityGlobals) = postSolution
		SolutionGuid = {BDE81955-467F-40FE-A42D-9A15BB29754B}
	EndGlobalSection
EndGlobal
